
Microsoft Visual Studio Solution File, Format Version 12.00
# Visual Studio Version 17
VisualStudioVersion = 17.0.31903.59
MinimumVisualStudioVersion = 10.0.40219.1
Project("{FAE04EC0-301F-11D3-BF4B-00C04F79EFBC}") = "ApiGateway", "ApiGateway\ApiGateway.csproj", "{07CFF54A-3D75-40E9-999A-E9301D813554}"
EndProject
Project("{FAE04EC0-301F-11D3-BF4B-00C04F79EFBC}") = "BookService", "BookService\BookService.csproj", "{CDB6CC5A-4BED-477B-B39D-E32A42CE954D}"
EndProject
Project("{FAE04EC0-301F-11D3-BF4B-00C04F79EFBC}") = "WarehouseService", "WarehouseService\WarehouseService.csproj", "{BDD3D6AE-7AD4-4C5C-88A4-95BDC2ED296E}"
EndProject
Project("{FAE04EC0-301F-11D3-BF4B-00C04F79EFBC}") = "SearchService", "SearchService\SearchService.csproj", "{22BF49E6-6BE7-4217-82F2-505AD2DC0436}"
EndProject
Project("{FAE04EC0-301F-11D3-BF4B-00C04F79EFBC}") = "OrderService", "OrderService\OrderService.csproj", "{C3B022E9-BF81-4C5A-920F-7700E537A083}"
EndProject
Project("{FAE04EC0-301F-11D3-BF4B-00C04F79EFBC}") = "UserService", "UserService\UserService.csproj", "{F8832160-6E8A-C1E0-17C8-08A5783EBD52}"
EndProject
Project("{FAE04EC0-301F-11D3-BF4B-00C04F79EFBC}") = "AuthService", "AuthService\AuthService.csproj", "{6CDAB7B3-DE4F-6FF5-06F0-D824F083F1AF}"
EndProject
Project("{FAE04EC0-301F-11D3-BF4B-00C04F79EFBC}") = "NotificationService", "NotificationService\NotificationService.csproj", "{7C8C3924-0872-490F-9479-4101FFABBE56}"
EndProject
Project("{FAE04EC0-301F-11D3-BF4B-00C04F79EFBC}") = "Tests.Shared", "Tests.Shared\Tests.Shared.csproj", "{258ED0D4-C58B-491D-8184-3990EBB37256}"
EndProject
Project("{FAE04EC0-301F-11D3-BF4B-00C04F79EFBC}") = "AuthService.Tests.Unit", "AuthService.Tests.Unit\AuthService.Tests.Unit.csproj", "{C970777F-CFAA-4D5C-A8BC-0D15F842AEFE}"
EndProject
Project("{FAE04EC0-301F-11D3-BF4B-00C04F79EFBC}") = "AuthService.Tests.Integration", "AuthService.Tests.Integration\AuthService.Tests.Integration.csproj", "{5F631C48-A547-44F7-B410-BD851074886D}"
EndProject
Project("{FAE04EC0-301F-11D3-BF4B-00C04F79EFBC}") = "AuthService.Tests.API", "AuthService.Tests.API\AuthService.Tests.API.csproj", "{EF947D00-300C-4D02-AF61-73CEFFF86F04}"
EndProject
Project("{FAE04EC0-301F-11D3-BF4B-00C04F79EFBC}") = "BookService.Tests.Unit", "BookService.Tests.Unit\BookService.Tests.Unit.csproj", "{B8344911-5792-4CA6-A81C-6EE9C07B97E3}"
EndProject
Project("{FAE04EC0-301F-11D3-BF4B-00C04F79EFBC}") = "BookService.Tests.Integration", "BookService.Tests.Integration\BookService.Tests.Integration.csproj", "{505E4C6E-26A1-45FA-B127-082D47878AC2}"
EndProject
Project("{FAE04EC0-301F-11D3-BF4B-00C04F79EFBC}") = "BookService.Tests.API", "BookService.Tests.API\BookService.Tests.API.csproj", "{5FB851DB-B1A9-42CE-BE34-57B367D347B5}"
EndProject
Project("{FAE04EC0-301F-11D3-BF4B-00C04F79EFBC}") = "WarehouseService.Tests.Unit", "WarehouseService.Tests.Unit\WarehouseService.Tests.Unit.csproj", "{9E65D1C0-7CD0-44C7-9BA2-C4E27AE0FDBD}"
EndProject
Project("{FAE04EC0-301F-11D3-BF4B-00C04F79EFBC}") = "WarehouseService.Tests.Integration", "WarehouseService.Tests.Integration\WarehouseService.Tests.Integration.csproj", "{471E7ED4-2E9A-4773-BCE6-52E22659CF66}"
EndProject
Project("{FAE04EC0-301F-11D3-BF4B-00C04F79EFBC}") = "WarehouseService.Tests.API", "WarehouseService.Tests.API\WarehouseService.Tests.API.csproj", "{25846BDC-2A39-4636-8DC5-73B7A74FAD67}"
EndProject
Project("{FAE04EC0-301F-11D3-BF4B-00C04F79EFBC}") = "SearchService.Tests.Unit", "SearchService.Tests.Unit\SearchService.Tests.Unit.csproj", "{0B9F6B2A-B169-4AE6-BFC7-83506819CEC2}"
EndProject
Project("{FAE04EC0-301F-11D3-BF4B-00C04F79EFBC}") = "SearchService.Tests.Integration", "SearchService.Tests.Integration\SearchService.Tests.Integration.csproj", "{EEBCF78E-1AD8-4368-BC7E-271EB46AF5C1}"
EndProject
Project("{FAE04EC0-301F-11D3-BF4B-00C04F79EFBC}") = "SearchService.Tests.API", "SearchService.Tests.API\SearchService.Tests.API.csproj", "{50B9BC72-C17E-4A42-9574-F3ED30CFB2F8}"
EndProject
Project("{FAE04EC0-301F-11D3-BF4B-00C04F79EFBC}") = "OrderService.Tests.Unit", "OrderService.Tests.Unit\OrderService.Tests.Unit.csproj", "{9B4D35A4-CFE5-4E29-AC17-BF119C8852B3}"
EndProject
Project("{FAE04EC0-301F-11D3-BF4B-00C04F79EFBC}") = "OrderService.Tests.Integration", "OrderService.Tests.Integration\OrderService.Tests.Integration.csproj", "{9933D2F5-BFB0-4BAF-B03D-E74687508D72}"
EndProject
Project("{FAE04EC0-301F-11D3-BF4B-00C04F79EFBC}") = "OrderService.Tests.API", "OrderService.Tests.API\OrderService.Tests.API.csproj", "{B5BE702A-8F17-4E7E-81BD-8C4065EBE1DC}"
EndProject
Project("{FAE04EC0-301F-11D3-BF4B-00C04F79EFBC}") = "UserService.Tests.Unit", "UserService.Tests.Unit\UserService.Tests.Unit.csproj", "{150200C4-9097-44B6-B79C-637E2EE76B07}"
EndProject
Project("{FAE04EC0-301F-11D3-BF4B-00C04F79EFBC}") = "UserService.Tests.Integration", "UserService.Tests.Integration\UserService.Tests.Integration.csproj", "{0708DCBB-433B-4A62-A425-0A264F174195}"
EndProject
Project("{FAE04EC0-301F-11D3-BF4B-00C04F79EFBC}") = "UserService.Tests.API", "UserService.Tests.API\UserService.Tests.API.csproj", "{9ED4B663-CBF3-4750-B022-B7BF48CDE557}"
EndProject
Project("{FAE04EC0-301F-11D3-BF4B-00C04F79EFBC}") = "NotificationService.Tests.Unit", "NotificationService.Tests.Unit\NotificationService.Tests.Unit.csproj", "{ECA7B1FA-C9B7-4DAA-8A84-559CE39FDDB3}"
EndProject
Project("{FAE04EC0-301F-11D3-BF4B-00C04F79EFBC}") = "NotificationService.Tests.Integration", "NotificationService.Tests.Integration\NotificationService.Tests.Integration.csproj", "{CB75A2F7-8972-4EC6-BBDD-983DE2677B9E}"
EndProject
Project("{FAE04EC0-301F-11D3-BF4B-00C04F79EFBC}") = "NotificationService.Tests.API", "NotificationService.Tests.API\NotificationService.Tests.API.csproj", "{F5A23ABC-80FF-4E36-9FB5-3E70D825FC80}"
EndProject
Project("{FAE04EC0-301F-11D3-BF4B-00C04F79EFBC}") = "ApiGateway.Tests.Unit", "ApiGateway.Tests.Unit\ApiGateway.Tests.Unit.csproj", "{6D122865-287A-498E-BEA2-5639004030C1}"
EndProject
Project("{FAE04EC0-301F-11D3-BF4B-00C04F79EFBC}") = "ApiGateway.Tests.Integration", "ApiGateway.Tests.Integration\ApiGateway.Tests.Integration.csproj", "{06187A93-919E-49CF-BC09-A89B900412EC}"
EndProject
Project("{FAE04EC0-301F-11D3-BF4B-00C04F79EFBC}") = "ApiGateway.Tests.API", "ApiGateway.Tests.API\ApiGateway.Tests.API.csproj", "{8CB0EBA4-90ED-4F21-80DE-12C69288B7D7}"
EndProject
Global
	GlobalSection(SolutionConfigurationPlatforms) = preSolution
		Debug|Any CPU = Debug|Any CPU
		Debug|x64 = Debug|x64
		Debug|x86 = Debug|x86
		Release|Any CPU = Release|Any CPU
		Release|x64 = Release|x64
		Release|x86 = Release|x86
	EndGlobalSection
	GlobalSection(ProjectConfigurationPlatforms) = postSolution
		{07CFF54A-3D75-40E9-999A-E9301D813554}.Debug|Any CPU.ActiveCfg = Debug|Any CPU
		{07CFF54A-3D75-40E9-999A-E9301D813554}.Debug|Any CPU.Build.0 = Debug|Any CPU
		{07CFF54A-3D75-40E9-999A-E9301D813554}.Debug|x64.ActiveCfg = Debug|Any CPU
		{07CFF54A-3D75-40E9-999A-E9301D813554}.Debug|x64.Build.0 = Debug|Any CPU
		{07CFF54A-3D75-40E9-999A-E9301D813554}.Debug|x86.ActiveCfg = Debug|Any CPU
		{07CFF54A-3D75-40E9-999A-E9301D813554}.Debug|x86.Build.0 = Debug|Any CPU
		{07CFF54A-3D75-40E9-999A-E9301D813554}.Release|Any CPU.ActiveCfg = Release|Any CPU
		{07CFF54A-3D75-40E9-999A-E9301D813554}.Release|Any CPU.Build.0 = Release|Any CPU
		{07CFF54A-3D75-40E9-999A-E9301D813554}.Release|x64.ActiveCfg = Release|Any CPU
		{07CFF54A-3D75-40E9-999A-E9301D813554}.Release|x64.Build.0 = Release|Any CPU
		{07CFF54A-3D75-40E9-999A-E9301D813554}.Release|x86.ActiveCfg = Release|Any CPU
		{07CFF54A-3D75-40E9-999A-E9301D813554}.Release|x86.Build.0 = Release|Any CPU
		{CDB6CC5A-4BED-477B-B39D-E32A42CE954D}.Debug|Any CPU.ActiveCfg = Debug|Any CPU
		{CDB6CC5A-4BED-477B-B39D-E32A42CE954D}.Debug|Any CPU.Build.0 = Debug|Any CPU
		{CDB6CC5A-4BED-477B-B39D-E32A42CE954D}.Debug|x64.ActiveCfg = Debug|Any CPU
		{CDB6CC5A-4BED-477B-B39D-E32A42CE954D}.Debug|x64.Build.0 = Debug|Any CPU
		{CDB6CC5A-4BED-477B-B39D-E32A42CE954D}.Debug|x86.ActiveCfg = Debug|Any CPU
		{CDB6CC5A-4BED-477B-B39D-E32A42CE954D}.Debug|x86.Build.0 = Debug|Any CPU
		{CDB6CC5A-4BED-477B-B39D-E32A42CE954D}.Release|Any CPU.ActiveCfg = Release|Any CPU
		{CDB6CC5A-4BED-477B-B39D-E32A42CE954D}.Release|Any CPU.Build.0 = Release|Any CPU
		{CDB6CC5A-4BED-477B-B39D-E32A42CE954D}.Release|x64.ActiveCfg = Release|Any CPU
		{CDB6CC5A-4BED-477B-B39D-E32A42CE954D}.Release|x64.Build.0 = Release|Any CPU
		{CDB6CC5A-4BED-477B-B39D-E32A42CE954D}.Release|x86.ActiveCfg = Release|Any CPU
		{CDB6CC5A-4BED-477B-B39D-E32A42CE954D}.Release|x86.Build.0 = Release|Any CPU
		{BDD3D6AE-7AD4-4C5C-88A4-95BDC2ED296E}.Debug|Any CPU.ActiveCfg = Debug|Any CPU
		{BDD3D6AE-7AD4-4C5C-88A4-95BDC2ED296E}.Debug|Any CPU.Build.0 = Debug|Any CPU
		{BDD3D6AE-7AD4-4C5C-88A4-95BDC2ED296E}.Debug|x64.ActiveCfg = Debug|Any CPU
		{BDD3D6AE-7AD4-4C5C-88A4-95BDC2ED296E}.Debug|x64.Build.0 = Debug|Any CPU
		{BDD3D6AE-7AD4-4C5C-88A4-95BDC2ED296E}.Debug|x86.ActiveCfg = Debug|Any CPU
		{BDD3D6AE-7AD4-4C5C-88A4-95BDC2ED296E}.Debug|x86.Build.0 = Debug|Any CPU
		{BDD3D6AE-7AD4-4C5C-88A4-95BDC2ED296E}.Release|Any CPU.ActiveCfg = Release|Any CPU
		{BDD3D6AE-7AD4-4C5C-88A4-95BDC2ED296E}.Release|Any CPU.Build.0 = Release|Any CPU
		{BDD3D6AE-7AD4-4C5C-88A4-95BDC2ED296E}.Release|x64.ActiveCfg = Release|Any CPU
		{BDD3D6AE-7AD4-4C5C-88A4-95BDC2ED296E}.Release|x64.Build.0 = Release|Any CPU
		{BDD3D6AE-7AD4-4C5C-88A4-95BDC2ED296E}.Release|x86.ActiveCfg = Release|Any CPU
		{BDD3D6AE-7AD4-4C5C-88A4-95BDC2ED296E}.Release|x86.Build.0 = Release|Any CPU
		{22BF49E6-6BE7-4217-82F2-505AD2DC0436}.Debug|Any CPU.ActiveCfg = Debug|Any CPU
		{22BF49E6-6BE7-4217-82F2-505AD2DC0436}.Debug|Any CPU.Build.0 = Debug|Any CPU
		{22BF49E6-6BE7-4217-82F2-505AD2DC0436}.Debug|x64.ActiveCfg = Debug|Any CPU
		{22BF49E6-6BE7-4217-82F2-505AD2DC0436}.Debug|x64.Build.0 = Debug|Any CPU
		{22BF49E6-6BE7-4217-82F2-505AD2DC0436}.Debug|x86.ActiveCfg = Debug|Any CPU
		{22BF49E6-6BE7-4217-82F2-505AD2DC0436}.Debug|x86.Build.0 = Debug|Any CPU
		{22BF49E6-6BE7-4217-82F2-505AD2DC0436}.Release|Any CPU.ActiveCfg = Release|Any CPU
		{22BF49E6-6BE7-4217-82F2-505AD2DC0436}.Release|Any CPU.Build.0 = Release|Any CPU
		{22BF49E6-6BE7-4217-82F2-505AD2DC0436}.Release|x64.ActiveCfg = Release|Any CPU
		{22BF49E6-6BE7-4217-82F2-505AD2DC0436}.Release|x64.Build.0 = Release|Any CPU
		{22BF49E6-6BE7-4217-82F2-505AD2DC0436}.Release|x86.ActiveCfg = Release|Any CPU
		{22BF49E6-6BE7-4217-82F2-505AD2DC0436}.Release|x86.Build.0 = Release|Any CPU
		{C3B022E9-BF81-4C5A-920F-7700E537A083}.Debug|Any CPU.ActiveCfg = Debug|Any CPU
		{C3B022E9-BF81-4C5A-920F-7700E537A083}.Debug|Any CPU.Build.0 = Debug|Any CPU
		{C3B022E9-BF81-4C5A-920F-7700E537A083}.Debug|x64.ActiveCfg = Debug|Any CPU
		{C3B022E9-BF81-4C5A-920F-7700E537A083}.Debug|x64.Build.0 = Debug|Any CPU
		{C3B022E9-BF81-4C5A-920F-7700E537A083}.Debug|x86.ActiveCfg = Debug|Any CPU
		{C3B022E9-BF81-4C5A-920F-7700E537A083}.Debug|x86.Build.0 = Debug|Any CPU
		{C3B022E9-BF81-4C5A-920F-7700E537A083}.Release|Any CPU.ActiveCfg = Release|Any CPU
		{C3B022E9-BF81-4C5A-920F-7700E537A083}.Release|Any CPU.Build.0 = Release|Any CPU
		{C3B022E9-BF81-4C5A-920F-7700E537A083}.Release|x64.ActiveCfg = Release|Any CPU
		{C3B022E9-BF81-4C5A-920F-7700E537A083}.Release|x64.Build.0 = Release|Any CPU
		{C3B022E9-BF81-4C5A-920F-7700E537A083}.Release|x86.ActiveCfg = Release|Any CPU
		{C3B022E9-BF81-4C5A-920F-7700E537A083}.Release|x86.Build.0 = Release|Any CPU
		{7C8C3924-0872-490F-9479-4101FFABBE56}.Debug|Any CPU.ActiveCfg = Debug|Any CPU
		{7C8C3924-0872-490F-9479-4101FFABBE56}.Debug|Any CPU.Build.0 = Debug|Any CPU
		{7C8C3924-0872-490F-9479-4101FFABBE56}.Debug|x64.ActiveCfg = Debug|Any CPU
		{7C8C3924-0872-490F-9479-4101FFABBE56}.Debug|x64.Build.0 = Debug|Any CPU
		{7C8C3924-0872-490F-9479-4101FFABBE56}.Debug|x86.ActiveCfg = Debug|Any CPU
		{7C8C3924-0872-490F-9479-4101FFABBE56}.Debug|x86.Build.0 = Debug|Any CPU
		{7C8C3924-0872-490F-9479-4101FFABBE56}.Release|Any CPU.ActiveCfg = Release|Any CPU
		{7C8C3924-0872-490F-9479-4101FFABBE56}.Release|Any CPU.Build.0 = Release|Any CPU
		{7C8C3924-0872-490F-9479-4101FFABBE56}.Release|x64.ActiveCfg = Release|Any CPU
		{7C8C3924-0872-490F-9479-4101FFABBE56}.Release|x64.Build.0 = Release|Any CPU
		{7C8C3924-0872-490F-9479-4101FFABBE56}.Release|x86.ActiveCfg = Release|Any CPU
		{7C8C3924-0872-490F-9479-4101FFABBE56}.Release|x86.Build.0 = Release|Any CPU
		{258ED0D4-C58B-491D-8184-3990EBB37256}.Debug|Any CPU.ActiveCfg = Debug|Any CPU
		{258ED0D4-C58B-491D-8184-3990EBB37256}.Debug|Any CPU.Build.0 = Debug|Any CPU
		{258ED0D4-C58B-491D-8184-3990EBB37256}.Debug|x64.ActiveCfg = Debug|Any CPU
		{258ED0D4-C58B-491D-8184-3990EBB37256}.Debug|x64.Build.0 = Debug|Any CPU
		{258ED0D4-C58B-491D-8184-3990EBB37256}.Debug|x86.ActiveCfg = Debug|Any CPU
		{258ED0D4-C58B-491D-8184-3990EBB37256}.Debug|x86.Build.0 = Debug|Any CPU
		{258ED0D4-C58B-491D-8184-3990EBB37256}.Release|Any CPU.ActiveCfg = Release|Any CPU
		{258ED0D4-C58B-491D-8184-3990EBB37256}.Release|Any CPU.Build.0 = Release|Any CPU
		{258ED0D4-C58B-491D-8184-3990EBB37256}.Release|x64.ActiveCfg = Release|Any CPU
		{258ED0D4-C58B-491D-8184-3990EBB37256}.Release|x64.Build.0 = Release|Any CPU
		{258ED0D4-C58B-491D-8184-3990EBB37256}.Release|x86.ActiveCfg = Release|Any CPU
		{258ED0D4-C58B-491D-8184-3990EBB37256}.Release|x86.Build.0 = Release|Any CPU
		{C970777F-CFAA-4D5C-A8BC-0D15F842AEFE}.Debug|Any CPU.ActiveCfg = Debug|Any CPU
		{C970777F-CFAA-4D5C-A8BC-0D15F842AEFE}.Debug|Any CPU.Build.0 = Debug|Any CPU
		{C970777F-CFAA-4D5C-A8BC-0D15F842AEFE}.Debug|x64.ActiveCfg = Debug|Any CPU
		{C970777F-CFAA-4D5C-A8BC-0D15F842AEFE}.Debug|x64.Build.0 = Debug|Any CPU
		{C970777F-CFAA-4D5C-A8BC-0D15F842AEFE}.Debug|x86.ActiveCfg = Debug|Any CPU
		{C970777F-CFAA-4D5C-A8BC-0D15F842AEFE}.Debug|x86.Build.0 = Debug|Any CPU
		{C970777F-CFAA-4D5C-A8BC-0D15F842AEFE}.Release|Any CPU.ActiveCfg = Release|Any CPU
		{C970777F-CFAA-4D5C-A8BC-0D15F842AEFE}.Release|Any CPU.Build.0 = Release|Any CPU
		{C970777F-CFAA-4D5C-A8BC-0D15F842AEFE}.Release|x64.ActiveCfg = Release|Any CPU
		{C970777F-CFAA-4D5C-A8BC-0D15F842AEFE}.Release|x64.Build.0 = Release|Any CPU
		{C970777F-CFAA-4D5C-A8BC-0D15F842AEFE}.Release|x86.ActiveCfg = Release|Any CPU
		{C970777F-CFAA-4D5C-A8BC-0D15F842AEFE}.Release|x86.Build.0 = Release|Any CPU
		{5F631C48-A547-44F7-B410-BD851074886D}.Debug|Any CPU.ActiveCfg = Debug|Any CPU
		{5F631C48-A547-44F7-B410-BD851074886D}.Debug|Any CPU.Build.0 = Debug|Any CPU
		{5F631C48-A547-44F7-B410-BD851074886D}.Debug|x64.ActiveCfg = Debug|Any CPU
		{5F631C48-A547-44F7-B410-BD851074886D}.Debug|x64.Build.0 = Debug|Any CPU
		{5F631C48-A547-44F7-B410-BD851074886D}.Debug|x86.ActiveCfg = Debug|Any CPU
		{5F631C48-A547-44F7-B410-BD851074886D}.Debug|x86.Build.0 = Debug|Any CPU
		{5F631C48-A547-44F7-B410-BD851074886D}.Release|Any CPU.ActiveCfg = Release|Any CPU
		{5F631C48-A547-44F7-B410-BD851074886D}.Release|Any CPU.Build.0 = Release|Any CPU
		{5F631C48-A547-44F7-B410-BD851074886D}.Release|x64.ActiveCfg = Release|Any CPU
		{5F631C48-A547-44F7-B410-BD851074886D}.Release|x64.Build.0 = Release|Any CPU
		{5F631C48-A547-44F7-B410-BD851074886D}.Release|x86.ActiveCfg = Release|Any CPU
		{5F631C48-A547-44F7-B410-BD851074886D}.Release|x86.Build.0 = Release|Any CPU
		{EF947D00-300C-4D02-AF61-73CEFFF86F04}.Debug|Any CPU.ActiveCfg = Debug|Any CPU
		{EF947D00-300C-4D02-AF61-73CEFFF86F04}.Debug|Any CPU.Build.0 = Debug|Any CPU
		{EF947D00-300C-4D02-AF61-73CEFFF86F04}.Debug|x64.ActiveCfg = Debug|Any CPU
		{EF947D00-300C-4D02-AF61-73CEFFF86F04}.Debug|x64.Build.0 = Debug|Any CPU
		{EF947D00-300C-4D02-AF61-73CEFFF86F04}.Debug|x86.ActiveCfg = Debug|Any CPU
		{EF947D00-300C-4D02-AF61-73CEFFF86F04}.Debug|x86.Build.0 = Debug|Any CPU
		{EF947D00-300C-4D02-AF61-73CEFFF86F04}.Release|Any CPU.ActiveCfg = Release|Any CPU
		{EF947D00-300C-4D02-AF61-73CEFFF86F04}.Release|Any CPU.Build.0 = Release|Any CPU
		{EF947D00-300C-4D02-AF61-73CEFFF86F04}.Release|x64.ActiveCfg = Release|Any CPU
		{EF947D00-300C-4D02-AF61-73CEFFF86F04}.Release|x64.Build.0 = Release|Any CPU
		{EF947D00-300C-4D02-AF61-73CEFFF86F04}.Release|x86.ActiveCfg = Release|Any CPU
		{EF947D00-300C-4D02-AF61-73CEFFF86F04}.Release|x86.Build.0 = Release|Any CPU
		{B8344911-5792-4CA6-A81C-6EE9C07B97E3}.Debug|Any CPU.ActiveCfg = Debug|Any CPU
		{B8344911-5792-4CA6-A81C-6EE9C07B97E3}.Debug|Any CPU.Build.0 = Debug|Any CPU
		{B8344911-5792-4CA6-A81C-6EE9C07B97E3}.Debug|x64.ActiveCfg = Debug|Any CPU
		{B8344911-5792-4CA6-A81C-6EE9C07B97E3}.Debug|x64.Build.0 = Debug|Any CPU
		{B8344911-5792-4CA6-A81C-6EE9C07B97E3}.Debug|x86.ActiveCfg = Debug|Any CPU
		{B8344911-5792-4CA6-A81C-6EE9C07B97E3}.Debug|x86.Build.0 = Debug|Any CPU
		{B8344911-5792-4CA6-A81C-6EE9C07B97E3}.Release|Any CPU.ActiveCfg = Release|Any CPU
		{B8344911-5792-4CA6-A81C-6EE9C07B97E3}.Release|Any CPU.Build.0 = Release|Any CPU
		{B8344911-5792-4CA6-A81C-6EE9C07B97E3}.Release|x64.ActiveCfg = Release|Any CPU
		{B8344911-5792-4CA6-A81C-6EE9C07B97E3}.Release|x64.Build.0 = Release|Any CPU
		{B8344911-5792-4CA6-A81C-6EE9C07B97E3}.Release|x86.ActiveCfg = Release|Any CPU
		{B8344911-5792-4CA6-A81C-6EE9C07B97E3}.Release|x86.Build.0 = Release|Any CPU
		{505E4C6E-26A1-45FA-B127-082D47878AC2}.Debug|Any CPU.ActiveCfg = Debug|Any CPU
		{505E4C6E-26A1-45FA-B127-082D47878AC2}.Debug|Any CPU.Build.0 = Debug|Any CPU
		{505E4C6E-26A1-45FA-B127-082D47878AC2}.Debug|x64.ActiveCfg = Debug|Any CPU
		{505E4C6E-26A1-45FA-B127-082D47878AC2}.Debug|x64.Build.0 = Debug|Any CPU
		{505E4C6E-26A1-45FA-B127-082D47878AC2}.Debug|x86.ActiveCfg = Debug|Any CPU
		{505E4C6E-26A1-45FA-B127-082D47878AC2}.Debug|x86.Build.0 = Debug|Any CPU
		{505E4C6E-26A1-45FA-B127-082D47878AC2}.Release|Any CPU.ActiveCfg = Release|Any CPU
		{505E4C6E-26A1-45FA-B127-082D47878AC2}.Release|Any CPU.Build.0 = Release|Any CPU
		{505E4C6E-26A1-45FA-B127-082D47878AC2}.Release|x64.ActiveCfg = Release|Any CPU
		{505E4C6E-26A1-45FA-B127-082D47878AC2}.Release|x64.Build.0 = Release|Any CPU
		{505E4C6E-26A1-45FA-B127-082D47878AC2}.Release|x86.ActiveCfg = Release|Any CPU
		{505E4C6E-26A1-45FA-B127-082D47878AC2}.Release|x86.Build.0 = Release|Any CPU
		{5FB851DB-B1A9-42CE-BE34-57B367D347B5}.Debug|Any CPU.ActiveCfg = Debug|Any CPU
		{5FB851DB-B1A9-42CE-BE34-57B367D347B5}.Debug|Any CPU.Build.0 = Debug|Any CPU
		{5FB851DB-B1A9-42CE-BE34-57B367D347B5}.Debug|x64.ActiveCfg = Debug|Any CPU
		{5FB851DB-B1A9-42CE-BE34-57B367D347B5}.Debug|x64.Build.0 = Debug|Any CPU
		{5FB851DB-B1A9-42CE-BE34-57B367D347B5}.Debug|x86.ActiveCfg = Debug|Any CPU
		{5FB851DB-B1A9-42CE-BE34-57B367D347B5}.Debug|x86.Build.0 = Debug|Any CPU
		{5FB851DB-B1A9-42CE-BE34-57B367D347B5}.Release|Any CPU.ActiveCfg = Release|Any CPU
		{5FB851DB-B1A9-42CE-BE34-57B367D347B5}.Release|Any CPU.Build.0 = Release|Any CPU
		{5FB851DB-B1A9-42CE-BE34-57B367D347B5}.Release|x64.ActiveCfg = Release|Any CPU
		{5FB851DB-B1A9-42CE-BE34-57B367D347B5}.Release|x64.Build.0 = Release|Any CPU
		{5FB851DB-B1A9-42CE-BE34-57B367D347B5}.Release|x86.ActiveCfg = Release|Any CPU
		{5FB851DB-B1A9-42CE-BE34-57B367D347B5}.Release|x86.Build.0 = Release|Any CPU
		{9E65D1C0-7CD0-44C7-9BA2-C4E27AE0FDBD}.Debug|Any CPU.ActiveCfg = Debug|Any CPU
		{9E65D1C0-7CD0-44C7-9BA2-C4E27AE0FDBD}.Debug|Any CPU.Build.0 = Debug|Any CPU
		{9E65D1C0-7CD0-44C7-9BA2-C4E27AE0FDBD}.Debug|x64.ActiveCfg = Debug|Any CPU
		{9E65D1C0-7CD0-44C7-9BA2-C4E27AE0FDBD}.Debug|x64.Build.0 = Debug|Any CPU
		{9E65D1C0-7CD0-44C7-9BA2-C4E27AE0FDBD}.Debug|x86.ActiveCfg = Debug|Any CPU
		{9E65D1C0-7CD0-44C7-9BA2-C4E27AE0FDBD}.Debug|x86.Build.0 = Debug|Any CPU
		{9E65D1C0-7CD0-44C7-9BA2-C4E27AE0FDBD}.Release|Any CPU.ActiveCfg = Release|Any CPU
		{9E65D1C0-7CD0-44C7-9BA2-C4E27AE0FDBD}.Release|Any CPU.Build.0 = Release|Any CPU
		{9E65D1C0-7CD0-44C7-9BA2-C4E27AE0FDBD}.Release|x64.ActiveCfg = Release|Any CPU
		{9E65D1C0-7CD0-44C7-9BA2-C4E27AE0FDBD}.Release|x64.Build.0 = Release|Any CPU
		{9E65D1C0-7CD0-44C7-9BA2-C4E27AE0FDBD}.Release|x86.ActiveCfg = Release|Any CPU
		{9E65D1C0-7CD0-44C7-9BA2-C4E27AE0FDBD}.Release|x86.Build.0 = Release|Any CPU
		{471E7ED4-2E9A-4773-BCE6-52E22659CF66}.Debug|Any CPU.ActiveCfg = Debug|Any CPU
		{471E7ED4-2E9A-4773-BCE6-52E22659CF66}.Debug|Any CPU.Build.0 = Debug|Any CPU
		{471E7ED4-2E9A-4773-BCE6-52E22659CF66}.Debug|x64.ActiveCfg = Debug|Any CPU
		{471E7ED4-2E9A-4773-BCE6-52E22659CF66}.Debug|x64.Build.0 = Debug|Any CPU
		{471E7ED4-2E9A-4773-BCE6-52E22659CF66}.Debug|x86.ActiveCfg = Debug|Any CPU
		{471E7ED4-2E9A-4773-BCE6-52E22659CF66}.Debug|x86.Build.0 = Debug|Any CPU
		{471E7ED4-2E9A-4773-BCE6-52E22659CF66}.Release|Any CPU.ActiveCfg = Release|Any CPU
		{471E7ED4-2E9A-4773-BCE6-52E22659CF66}.Release|Any CPU.Build.0 = Release|Any CPU
		{471E7ED4-2E9A-4773-BCE6-52E22659CF66}.Release|x64.ActiveCfg = Release|Any CPU
		{471E7ED4-2E9A-4773-BCE6-52E22659CF66}.Release|x64.Build.0 = Release|Any CPU
		{471E7ED4-2E9A-4773-BCE6-52E22659CF66}.Release|x86.ActiveCfg = Release|Any CPU
		{471E7ED4-2E9A-4773-BCE6-52E22659CF66}.Release|x86.Build.0 = Release|Any CPU
		{25846BDC-2A39-4636-8DC5-73B7A74FAD67}.Debug|Any CPU.ActiveCfg = Debug|Any CPU
		{25846BDC-2A39-4636-8DC5-73B7A74FAD67}.Debug|Any CPU.Build.0 = Debug|Any CPU
		{25846BDC-2A39-4636-8DC5-73B7A74FAD67}.Debug|x64.ActiveCfg = Debug|Any CPU
		{25846BDC-2A39-4636-8DC5-73B7A74FAD67}.Debug|x64.Build.0 = Debug|Any CPU
		{25846BDC-2A39-4636-8DC5-73B7A74FAD67}.Debug|x86.ActiveCfg = Debug|Any CPU
		{25846BDC-2A39-4636-8DC5-73B7A74FAD67}.Debug|x86.Build.0 = Debug|Any CPU
		{25846BDC-2A39-4636-8DC5-73B7A74FAD67}.Release|Any CPU.ActiveCfg = Release|Any CPU
		{25846BDC-2A39-4636-8DC5-73B7A74FAD67}.Release|Any CPU.Build.0 = Release|Any CPU
		{25846BDC-2A39-4636-8DC5-73B7A74FAD67}.Release|x64.ActiveCfg = Release|Any CPU
		{25846BDC-2A39-4636-8DC5-73B7A74FAD67}.Release|x64.Build.0 = Release|Any CPU
		{25846BDC-2A39-4636-8DC5-73B7A74FAD67}.Release|x86.ActiveCfg = Release|Any CPU
		{25846BDC-2A39-4636-8DC5-73B7A74FAD67}.Release|x86.Build.0 = Release|Any CPU
		{0B9F6B2A-B169-4AE6-BFC7-83506819CEC2}.Debug|Any CPU.ActiveCfg = Debug|Any CPU
		{0B9F6B2A-B169-4AE6-BFC7-83506819CEC2}.Debug|Any CPU.Build.0 = Debug|Any CPU
		{0B9F6B2A-B169-4AE6-BFC7-83506819CEC2}.Debug|x64.ActiveCfg = Debug|Any CPU
		{0B9F6B2A-B169-4AE6-BFC7-83506819CEC2}.Debug|x64.Build.0 = Debug|Any CPU
		{0B9F6B2A-B169-4AE6-BFC7-83506819CEC2}.Debug|x86.ActiveCfg = Debug|Any CPU
		{0B9F6B2A-B169-4AE6-BFC7-83506819CEC2}.Debug|x86.Build.0 = Debug|Any CPU
		{0B9F6B2A-B169-4AE6-BFC7-83506819CEC2}.Release|Any CPU.ActiveCfg = Release|Any CPU
		{0B9F6B2A-B169-4AE6-BFC7-83506819CEC2}.Release|Any CPU.Build.0 = Release|Any CPU
		{0B9F6B2A-B169-4AE6-BFC7-83506819CEC2}.Release|x64.ActiveCfg = Release|Any CPU
		{0B9F6B2A-B169-4AE6-BFC7-83506819CEC2}.Release|x64.Build.0 = Release|Any CPU
		{0B9F6B2A-B169-4AE6-BFC7-83506819CEC2}.Release|x86.ActiveCfg = Release|Any CPU
		{0B9F6B2A-B169-4AE6-BFC7-83506819CEC2}.Release|x86.Build.0 = Release|Any CPU
		{EEBCF78E-1AD8-4368-BC7E-271EB46AF5C1}.Debug|Any CPU.ActiveCfg = Debug|Any CPU
		{EEBCF78E-1AD8-4368-BC7E-271EB46AF5C1}.Debug|Any CPU.Build.0 = Debug|Any CPU
		{EEBCF78E-1AD8-4368-BC7E-271EB46AF5C1}.Debug|x64.ActiveCfg = Debug|Any CPU
		{EEBCF78E-1AD8-4368-BC7E-271EB46AF5C1}.Debug|x64.Build.0 = Debug|Any CPU
		{EEBCF78E-1AD8-4368-BC7E-271EB46AF5C1}.Debug|x86.ActiveCfg = Debug|Any CPU
		{EEBCF78E-1AD8-4368-BC7E-271EB46AF5C1}.Debug|x86.Build.0 = Debug|Any CPU
		{EEBCF78E-1AD8-4368-BC7E-271EB46AF5C1}.Release|Any CPU.ActiveCfg = Release|Any CPU
		{EEBCF78E-1AD8-4368-BC7E-271EB46AF5C1}.Release|Any CPU.Build.0 = Release|Any CPU
		{EEBCF78E-1AD8-4368-BC7E-271EB46AF5C1}.Release|x64.ActiveCfg = Release|Any CPU
		{EEBCF78E-1AD8-4368-BC7E-271EB46AF5C1}.Release|x64.Build.0 = Release|Any CPU
		{EEBCF78E-1AD8-4368-BC7E-271EB46AF5C1}.Release|x86.ActiveCfg = Release|Any CPU
		{EEBCF78E-1AD8-4368-BC7E-271EB46AF5C1}.Release|x86.Build.0 = Release|Any CPU
		{50B9BC72-C17E-4A42-9574-F3ED30CFB2F8}.Debug|Any CPU.ActiveCfg = Debug|Any CPU
		{50B9BC72-C17E-4A42-9574-F3ED30CFB2F8}.Debug|Any CPU.Build.0 = Debug|Any CPU
		{50B9BC72-C17E-4A42-9574-F3ED30CFB2F8}.Debug|x64.ActiveCfg = Debug|Any CPU
		{50B9BC72-C17E-4A42-9574-F3ED30CFB2F8}.Debug|x64.Build.0 = Debug|Any CPU
		{50B9BC72-C17E-4A42-9574-F3ED30CFB2F8}.Debug|x86.ActiveCfg = Debug|Any CPU
		{50B9BC72-C17E-4A42-9574-F3ED30CFB2F8}.Debug|x86.Build.0 = Debug|Any CPU
		{50B9BC72-C17E-4A42-9574-F3ED30CFB2F8}.Release|Any CPU.ActiveCfg = Release|Any CPU
		{50B9BC72-C17E-4A42-9574-F3ED30CFB2F8}.Release|Any CPU.Build.0 = Release|Any CPU
		{50B9BC72-C17E-4A42-9574-F3ED30CFB2F8}.Release|x64.ActiveCfg = Release|Any CPU
		{50B9BC72-C17E-4A42-9574-F3ED30CFB2F8}.Release|x64.Build.0 = Release|Any CPU
		{50B9BC72-C17E-4A42-9574-F3ED30CFB2F8}.Release|x86.ActiveCfg = Release|Any CPU
		{50B9BC72-C17E-4A42-9574-F3ED30CFB2F8}.Release|x86.Build.0 = Release|Any CPU
		{9B4D35A4-CFE5-4E29-AC17-BF119C8852B3}.Debug|Any CPU.ActiveCfg = Debug|Any CPU
		{9B4D35A4-CFE5-4E29-AC17-BF119C8852B3}.Debug|Any CPU.Build.0 = Debug|Any CPU
		{9B4D35A4-CFE5-4E29-AC17-BF119C8852B3}.Debug|x64.ActiveCfg = Debug|Any CPU
		{9B4D35A4-CFE5-4E29-AC17-BF119C8852B3}.Debug|x64.Build.0 = Debug|Any CPU
		{9B4D35A4-CFE5-4E29-AC17-BF119C8852B3}.Debug|x86.ActiveCfg = Debug|Any CPU
		{9B4D35A4-CFE5-4E29-AC17-BF119C8852B3}.Debug|x86.Build.0 = Debug|Any CPU
		{9B4D35A4-CFE5-4E29-AC17-BF119C8852B3}.Release|Any CPU.ActiveCfg = Release|Any CPU
		{9B4D35A4-CFE5-4E29-AC17-BF119C8852B3}.Release|Any CPU.Build.0 = Release|Any CPU
		{9B4D35A4-CFE5-4E29-AC17-BF119C8852B3}.Release|x64.ActiveCfg = Release|Any CPU
		{9B4D35A4-CFE5-4E29-AC17-BF119C8852B3}.Release|x64.Build.0 = Release|Any CPU
		{9B4D35A4-CFE5-4E29-AC17-BF119C8852B3}.Release|x86.ActiveCfg = Release|Any CPU
		{9B4D35A4-CFE5-4E29-AC17-BF119C8852B3}.Release|x86.Build.0 = Release|Any CPU
		{9933D2F5-BFB0-4BAF-B03D-E74687508D72}.Debug|Any CPU.ActiveCfg = Debug|Any CPU
		{9933D2F5-BFB0-4BAF-B03D-E74687508D72}.Debug|Any CPU.Build.0 = Debug|Any CPU
		{9933D2F5-BFB0-4BAF-B03D-E74687508D72}.Debug|x64.ActiveCfg = Debug|Any CPU
		{9933D2F5-BFB0-4BAF-B03D-E74687508D72}.Debug|x64.Build.0 = Debug|Any CPU
		{9933D2F5-BFB0-4BAF-B03D-E74687508D72}.Debug|x86.ActiveCfg = Debug|Any CPU
		{9933D2F5-BFB0-4BAF-B03D-E74687508D72}.Debug|x86.Build.0 = Debug|Any CPU
		{9933D2F5-BFB0-4BAF-B03D-E74687508D72}.Release|Any CPU.ActiveCfg = Release|Any CPU
		{9933D2F5-BFB0-4BAF-B03D-E74687508D72}.Release|Any CPU.Build.0 = Release|Any CPU
		{9933D2F5-BFB0-4BAF-B03D-E74687508D72}.Release|x64.ActiveCfg = Release|Any CPU
		{9933D2F5-BFB0-4BAF-B03D-E74687508D72}.Release|x64.Build.0 = Release|Any CPU
		{9933D2F5-BFB0-4BAF-B03D-E74687508D72}.Release|x86.ActiveCfg = Release|Any CPU
		{9933D2F5-BFB0-4BAF-B03D-E74687508D72}.Release|x86.Build.0 = Release|Any CPU
		{B5BE702A-8F17-4E7E-81BD-8C4065EBE1DC}.Debug|Any CPU.ActiveCfg = Debug|Any CPU
		{B5BE702A-8F17-4E7E-81BD-8C4065EBE1DC}.Debug|Any CPU.Build.0 = Debug|Any CPU
		{B5BE702A-8F17-4E7E-81BD-8C4065EBE1DC}.Debug|x64.ActiveCfg = Debug|Any CPU
		{B5BE702A-8F17-4E7E-81BD-8C4065EBE1DC}.Debug|x64.Build.0 = Debug|Any CPU
		{B5BE702A-8F17-4E7E-81BD-8C4065EBE1DC}.Debug|x86.ActiveCfg = Debug|Any CPU
		{B5BE702A-8F17-4E7E-81BD-8C4065EBE1DC}.Debug|x86.Build.0 = Debug|Any CPU
		{B5BE702A-8F17-4E7E-81BD-8C4065EBE1DC}.Release|Any CPU.ActiveCfg = Release|Any CPU
		{B5BE702A-8F17-4E7E-81BD-8C4065EBE1DC}.Release|Any CPU.Build.0 = Release|Any CPU
		{B5BE702A-8F17-4E7E-81BD-8C4065EBE1DC}.Release|x64.ActiveCfg = Release|Any CPU
		{B5BE702A-8F17-4E7E-81BD-8C4065EBE1DC}.Release|x64.Build.0 = Release|Any CPU
		{B5BE702A-8F17-4E7E-81BD-8C4065EBE1DC}.Release|x86.ActiveCfg = Release|Any CPU
		{B5BE702A-8F17-4E7E-81BD-8C4065EBE1DC}.Release|x86.Build.0 = Release|Any CPU
		{150200C4-9097-44B6-B79C-637E2EE76B07}.Debug|Any CPU.ActiveCfg = Debug|Any CPU
		{150200C4-9097-44B6-B79C-637E2EE76B07}.Debug|Any CPU.Build.0 = Debug|Any CPU
		{150200C4-9097-44B6-B79C-637E2EE76B07}.Debug|x64.ActiveCfg = Debug|Any CPU
		{150200C4-9097-44B6-B79C-637E2EE76B07}.Debug|x64.Build.0 = Debug|Any CPU
		{150200C4-9097-44B6-B79C-637E2EE76B07}.Debug|x86.ActiveCfg = Debug|Any CPU
		{150200C4-9097-44B6-B79C-637E2EE76B07}.Debug|x86.Build.0 = Debug|Any CPU
		{150200C4-9097-44B6-B79C-637E2EE76B07}.Release|Any CPU.ActiveCfg = Release|Any CPU
		{150200C4-9097-44B6-B79C-637E2EE76B07}.Release|Any CPU.Build.0 = Release|Any CPU
		{150200C4-9097-44B6-B79C-637E2EE76B07}.Release|x64.ActiveCfg = Release|Any CPU
		{150200C4-9097-44B6-B79C-637E2EE76B07}.Release|x64.Build.0 = Release|Any CPU
		{150200C4-9097-44B6-B79C-637E2EE76B07}.Release|x86.ActiveCfg = Release|Any CPU
		{150200C4-9097-44B6-B79C-637E2EE76B07}.Release|x86.Build.0 = Release|Any CPU
		{0708DCBB-433B-4A62-A425-0A264F174195}.Debug|Any CPU.ActiveCfg = Debug|Any CPU
		{0708DCBB-433B-4A62-A425-0A264F174195}.Debug|Any CPU.Build.0 = Debug|Any CPU
		{0708DCBB-433B-4A62-A425-0A264F174195}.Debug|x64.ActiveCfg = Debug|Any CPU
		{0708DCBB-433B-4A62-A425-0A264F174195}.Debug|x64.Build.0 = Debug|Any CPU
		{0708DCBB-433B-4A62-A425-0A264F174195}.Debug|x86.ActiveCfg = Debug|Any CPU
		{0708DCBB-433B-4A62-A425-0A264F174195}.Debug|x86.Build.0 = Debug|Any CPU
		{0708DCBB-433B-4A62-A425-0A264F174195}.Release|Any CPU.ActiveCfg = Release|Any CPU
		{0708DCBB-433B-4A62-A425-0A264F174195}.Release|Any CPU.Build.0 = Release|Any CPU
		{0708DCBB-433B-4A62-A425-0A264F174195}.Release|x64.ActiveCfg = Release|Any CPU
		{0708DCBB-433B-4A62-A425-0A264F174195}.Release|x64.Build.0 = Release|Any CPU
		{0708DCBB-433B-4A62-A425-0A264F174195}.Release|x86.ActiveCfg = Release|Any CPU
		{0708DCBB-433B-4A62-A425-0A264F174195}.Release|x86.Build.0 = Release|Any CPU
		{9ED4B663-CBF3-4750-B022-B7BF48CDE557}.Debug|Any CPU.ActiveCfg = Debug|Any CPU
		{9ED4B663-CBF3-4750-B022-B7BF48CDE557}.Debug|Any CPU.Build.0 = Debug|Any CPU
		{9ED4B663-CBF3-4750-B022-B7BF48CDE557}.Debug|x64.ActiveCfg = Debug|Any CPU
		{9ED4B663-CBF3-4750-B022-B7BF48CDE557}.Debug|x64.Build.0 = Debug|Any CPU
		{9ED4B663-CBF3-4750-B022-B7BF48CDE557}.Debug|x86.ActiveCfg = Debug|Any CPU
		{9ED4B663-CBF3-4750-B022-B7BF48CDE557}.Debug|x86.Build.0 = Debug|Any CPU
		{9ED4B663-CBF3-4750-B022-B7BF48CDE557}.Release|Any CPU.ActiveCfg = Release|Any CPU
		{9ED4B663-CBF3-4750-B022-B7BF48CDE557}.Release|Any CPU.Build.0 = Release|Any CPU
		{9ED4B663-CBF3-4750-B022-B7BF48CDE557}.Release|x64.ActiveCfg = Release|Any CPU
		{9ED4B663-CBF3-4750-B022-B7BF48CDE557}.Release|x64.Build.0 = Release|Any CPU
		{9ED4B663-CBF3-4750-B022-B7BF48CDE557}.Release|x86.ActiveCfg = Release|Any CPU
		{9ED4B663-CBF3-4750-B022-B7BF48CDE557}.Release|x86.Build.0 = Release|Any CPU
		{ECA7B1FA-C9B7-4DAA-8A84-559CE39FDDB3}.Debug|Any CPU.ActiveCfg = Debug|Any CPU
		{ECA7B1FA-C9B7-4DAA-8A84-559CE39FDDB3}.Debug|Any CPU.Build.0 = Debug|Any CPU
		{ECA7B1FA-C9B7-4DAA-8A84-559CE39FDDB3}.Debug|x64.ActiveCfg = Debug|Any CPU
		{ECA7B1FA-C9B7-4DAA-8A84-559CE39FDDB3}.Debug|x64.Build.0 = Debug|Any CPU
		{ECA7B1FA-C9B7-4DAA-8A84-559CE39FDDB3}.Debug|x86.ActiveCfg = Debug|Any CPU
		{ECA7B1FA-C9B7-4DAA-8A84-559CE39FDDB3}.Debug|x86.Build.0 = Debug|Any CPU
		{ECA7B1FA-C9B7-4DAA-8A84-559CE39FDDB3}.Release|Any CPU.ActiveCfg = Release|Any CPU
		{ECA7B1FA-C9B7-4DAA-8A84-559CE39FDDB3}.Release|Any CPU.Build.0 = Release|Any CPU
		{ECA7B1FA-C9B7-4DAA-8A84-559CE39FDDB3}.Release|x64.ActiveCfg = Release|Any CPU
		{ECA7B1FA-C9B7-4DAA-8A84-559CE39FDDB3}.Release|x64.Build.0 = Release|Any CPU
		{ECA7B1FA-C9B7-4DAA-8A84-559CE39FDDB3}.Release|x86.ActiveCfg = Release|Any CPU
		{ECA7B1FA-C9B7-4DAA-8A84-559CE39FDDB3}.Release|x86.Build.0 = Release|Any CPU
		{CB75A2F7-8972-4EC6-BBDD-983DE2677B9E}.Debug|Any CPU.ActiveCfg = Debug|Any CPU
		{CB75A2F7-8972-4EC6-BBDD-983DE2677B9E}.Debug|Any CPU.Build.0 = Debug|Any CPU
		{CB75A2F7-8972-4EC6-BBDD-983DE2677B9E}.Debug|x64.ActiveCfg = Debug|Any CPU
		{CB75A2F7-8972-4EC6-BBDD-983DE2677B9E}.Debug|x64.Build.0 = Debug|Any CPU
		{CB75A2F7-8972-4EC6-BBDD-983DE2677B9E}.Debug|x86.ActiveCfg = Debug|Any CPU
		{CB75A2F7-8972-4EC6-BBDD-983DE2677B9E}.Debug|x86.Build.0 = Debug|Any CPU
		{CB75A2F7-8972-4EC6-BBDD-983DE2677B9E}.Release|Any CPU.ActiveCfg = Release|Any CPU
		{CB75A2F7-8972-4EC6-BBDD-983DE2677B9E}.Release|Any CPU.Build.0 = Release|Any CPU
		{CB75A2F7-8972-4EC6-BBDD-983DE2677B9E}.Release|x64.ActiveCfg = Release|Any CPU
		{CB75A2F7-8972-4EC6-BBDD-983DE2677B9E}.Release|x64.Build.0 = Release|Any CPU
		{CB75A2F7-8972-4EC6-BBDD-983DE2677B9E}.Release|x86.ActiveCfg = Release|Any CPU
		{CB75A2F7-8972-4EC6-BBDD-983DE2677B9E}.Release|x86.Build.0 = Release|Any CPU
		{F5A23ABC-80FF-4E36-9FB5-3E70D825FC80}.Debug|Any CPU.ActiveCfg = Debug|Any CPU
		{F5A23ABC-80FF-4E36-9FB5-3E70D825FC80}.Debug|Any CPU.Build.0 = Debug|Any CPU
		{F5A23ABC-80FF-4E36-9FB5-3E70D825FC80}.Debug|x64.ActiveCfg = Debug|Any CPU
		{F5A23ABC-80FF-4E36-9FB5-3E70D825FC80}.Debug|x64.Build.0 = Debug|Any CPU
		{F5A23ABC-80FF-4E36-9FB5-3E70D825FC80}.Debug|x86.ActiveCfg = Debug|Any CPU
		{F5A23ABC-80FF-4E36-9FB5-3E70D825FC80}.Debug|x86.Build.0 = Debug|Any CPU
		{F5A23ABC-80FF-4E36-9FB5-3E70D825FC80}.Release|Any CPU.ActiveCfg = Release|Any CPU
		{F5A23ABC-80FF-4E36-9FB5-3E70D825FC80}.Release|Any CPU.Build.0 = Release|Any CPU
		{F5A23ABC-80FF-4E36-9FB5-3E70D825FC80}.Release|x64.ActiveCfg = Release|Any CPU
		{F5A23ABC-80FF-4E36-9FB5-3E70D825FC80}.Release|x64.Build.0 = Release|Any CPU
		{F5A23ABC-80FF-4E36-9FB5-3E70D825FC80}.Release|x86.ActiveCfg = Release|Any CPU
		{F5A23ABC-80FF-4E36-9FB5-3E70D825FC80}.Release|x86.Build.0 = Release|Any CPU
		{6D122865-287A-498E-BEA2-5639004030C1}.Debug|Any CPU.ActiveCfg = Debug|Any CPU
		{6D122865-287A-498E-BEA2-5639004030C1}.Debug|Any CPU.Build.0 = Debug|Any CPU
		{6D122865-287A-498E-BEA2-5639004030C1}.Debug|x64.ActiveCfg = Debug|Any CPU
		{6D122865-287A-498E-BEA2-5639004030C1}.Debug|x64.Build.0 = Debug|Any CPU
		{6D122865-287A-498E-BEA2-5639004030C1}.Debug|x86.ActiveCfg = Debug|Any CPU
		{6D122865-287A-498E-BEA2-5639004030C1}.Debug|x86.Build.0 = Debug|Any CPU
		{6D122865-287A-498E-BEA2-5639004030C1}.Release|Any CPU.ActiveCfg = Release|Any CPU
		{6D122865-287A-498E-BEA2-5639004030C1}.Release|Any CPU.Build.0 = Release|Any CPU
		{6D122865-287A-498E-BEA2-5639004030C1}.Release|x64.ActiveCfg = Release|Any CPU
		{6D122865-287A-498E-BEA2-5639004030C1}.Release|x64.Build.0 = Release|Any CPU
		{6D122865-287A-498E-BEA2-5639004030C1}.Release|x86.ActiveCfg = Release|Any CPU
		{6D122865-287A-498E-BEA2-5639004030C1}.Release|x86.Build.0 = Release|Any CPU
		{06187A93-919E-49CF-BC09-A89B900412EC}.Debug|Any CPU.ActiveCfg = Debug|Any CPU
		{06187A93-919E-49CF-BC09-A89B900412EC}.Debug|Any CPU.Build.0 = Debug|Any CPU
		{06187A93-919E-49CF-BC09-A89B900412EC}.Debug|x64.ActiveCfg = Debug|Any CPU
		{06187A93-919E-49CF-BC09-A89B900412EC}.Debug|x64.Build.0 = Debug|Any CPU
		{06187A93-919E-49CF-BC09-A89B900412EC}.Debug|x86.ActiveCfg = Debug|Any CPU
		{06187A93-919E-49CF-BC09-A89B900412EC}.Debug|x86.Build.0 = Debug|Any CPU
		{06187A93-919E-49CF-BC09-A89B900412EC}.Release|Any CPU.ActiveCfg = Release|Any CPU
		{06187A93-919E-49CF-BC09-A89B900412EC}.Release|Any CPU.Build.0 = Release|Any CPU
		{06187A93-919E-49CF-BC09-A89B900412EC}.Release|x64.ActiveCfg = Release|Any CPU
		{06187A93-919E-49CF-BC09-A89B900412EC}.Release|x64.Build.0 = Release|Any CPU
		{06187A93-919E-49CF-BC09-A89B900412EC}.Release|x86.ActiveCfg = Release|Any CPU
		{06187A93-919E-49CF-BC09-A89B900412EC}.Release|x86.Build.0 = Release|Any CPU
		{8CB0EBA4-90ED-4F21-80DE-12C69288B7D7}.Debug|Any CPU.ActiveCfg = Debug|Any CPU
		{8CB0EBA4-90ED-4F21-80DE-12C69288B7D7}.Debug|Any CPU.Build.0 = Debug|Any CPU
		{8CB0EBA4-90ED-4F21-80DE-12C69288B7D7}.Debug|x64.ActiveCfg = Debug|Any CPU
		{8CB0EBA4-90ED-4F21-80DE-12C69288B7D7}.Debug|x64.Build.0 = Debug|Any CPU
		{8CB0EBA4-90ED-4F21-80DE-12C69288B7D7}.Debug|x86.ActiveCfg = Debug|Any CPU
		{8CB0EBA4-90ED-4F21-80DE-12C69288B7D7}.Debug|x86.Build.0 = Debug|Any CPU
		{8CB0EBA4-90ED-4F21-80DE-12C69288B7D7}.Release|Any CPU.ActiveCfg = Release|Any CPU
		{8CB0EBA4-90ED-4F21-80DE-12C69288B7D7}.Release|Any CPU.Build.0 = Release|Any CPU
		{8CB0EBA4-90ED-4F21-80DE-12C69288B7D7}.Release|x64.ActiveCfg = Release|Any CPU
		{8CB0EBA4-90ED-4F21-80DE-12C69288B7D7}.Release|x64.Build.0 = Release|Any CPU
		{8CB0EBA4-90ED-4F21-80DE-12C69288B7D7}.Release|x86.ActiveCfg = Release|Any CPU
		{8CB0EBA4-90ED-4F21-80DE-12C69288B7D7}.Release|x86.Build.0 = Release|Any CPU
	EndGlobalSection
	GlobalSection(SolutionProperties) = preSolution
		HideSolutionNode = FALSE
	EndGlobalSection
EndGlobal
